
Microsoft Visual Studio Solution File, Format Version 12.00
# Visual Studio Version 16
VisualStudioVersion = 16.0.28803.202
MinimumVisualStudioVersion = 10.0.40219.1
Project("{FAE04EC0-301F-11D3-BF4B-00C04F79EFBC}") = "Operatorler", "Operatorler\Operatorler.csproj", "{084F9F91-E1AA-4338-9319-876D8BF6CA8E}"
EndProject
Global
	GlobalSection(SolutionConfigurationPlatforms) = preSolution
		Debug|Any CPU = Debug|Any CPU
		Release|Any CPU = Release|Any CPU
	EndGlobalSection
	GlobalSection(ProjectConfigurationPlatforms) = postSolution
		{084F9F91-E1AA-4338-9319-876D8BF6CA8E}.Debug|Any CPU.ActiveCfg = Debug|Any CPU
		{084F9F91-E1AA-4338-9319-876D8BF6CA8E}.Debug|Any CPU.Build.0 = Debug|Any CPU
		{084F9F91-E1AA-4338-9319-876D8BF6CA8E}.Release|Any CPU.ActiveCfg = Release|Any CPU
		{084F9F91-E1AA-4338-9319-876D8BF6CA8E}.Release|Any CPU.Build.0 = Release|Any CPU
	EndGlobalSection
	GlobalSection(SolutionProperties) = preSolution
		HideSolutionNode = FALSE
	EndGlobalSection
	GlobalSection(ExtensibilityGlobals) = postSolution
		SolutionGuid = {DF944BCB-C16B-4B5A-B833-85F4D6BA7A38}
	EndGlobalSection
EndGlobal
